
Microsoft Visual Studio Solution File, Format Version 12.00
# Visual Studio Version 17
VisualStudioVersion = 17.13.35931.197
MinimumVisualStudioVersion = 10.0.40219.1
Project("{8BC9CEB8-8B4A-11D0-8D11-00A0C91BC942}") = "Project8", "Project8.vcxproj", "{EF9464E5-3088-A07B-8AF0-C22314BC3F3A}"
EndProject
Global
	GlobalSection(SolutionConfigurationPlatforms) = preSolution
		Debug|x64 = Debug|x64
		Debug|x86 = Debug|x86
		Release|x64 = Release|x64
		Release|x86 = Release|x86
	EndGlobalSection
	GlobalSection(ProjectConfigurationPlatforms) = postSolution
		{EF9464E5-3088-A07B-8AF0-C22314BC3F3A}.Debug|x64.ActiveCfg = Debug|x64
		{EF9464E5-3088-A07B-8AF0-C22314BC3F3A}.Debug|x64.Build.0 = Debug|x64
		{EF9464E5-3088-A07B-8AF0-C22314BC3F3A}.Debug|x86.ActiveCfg = Debug|Win32
		{EF9464E5-3088-A07B-8AF0-C22314BC3F3A}.Debug|x86.Build.0 = Debug|Win32
		{EF9464E5-3088-A07B-8AF0-C22314BC3F3A}.Release|x64.ActiveCfg = Release|x64
		{EF9464E5-3088-A07B-8AF0-C22314BC3F3A}.Release|x64.Build.0 = Release|x64
		{EF9464E5-3088-A07B-8AF0-C22314BC3F3A}.Release|x86.ActiveCfg = Release|Win32
		{EF9464E5-3088-A07B-8AF0-C22314BC3F3A}.Release|x86.Build.0 = Release|Win32
	EndGlobalSection
	GlobalSection(SolutionProperties) = preSolution
		HideSolutionNode = FALSE
	EndGlobalSection
	GlobalSection(ExtensibilityGlobals) = postSolution
		SolutionGuid = {779D99CB-7394-4CB7-A286-5819F8C17FCE}
	EndGlobalSection
EndGlobal
